schema: '2.0'
stages:
  preprocess:
    cmd: python preprocess.py
    deps:
    - path: data/loan_approval.csv
      hash: md5
      md5: c87e9a255ab406d5c0c6276297397dfa
      size: 115793
    - path: preprocess.py
      hash: md5
      md5: bedae7b424380200e8797e3dd45f730c
      size: 850
    outs:
    - path: data/test.csv
      hash: md5
      md5: 3ae82523352e47e2401e27a19af2e63d
      size: 32646
    - path: data/train.csv
      hash: md5
      md5: d5eedcd8a67586efe61cb353f8ab8a87
      size: 76105
  train:
    cmd: python train.py
    deps:
    - path: data/train.csv
      hash: md5
      md5: d5eedcd8a67586efe61cb353f8ab8a87
      size: 76105
    - path: params.yaml
      hash: md5
      md5: 10b7167490f75b9ab6ade55b52a40932
      size: 22
    - path: train.py
      hash: md5
      md5: dc2be1ebbc2a52166dde4f58a9dda273
      size: 699
    outs:
    - path: models/model.pkl
      hash: md5
      md5: 7080e7f541ebf03f32e14b8c1bcee7b1
      size: 1492
  validate:
    cmd: python validate.py
    deps:
    - path: data/test.csv
      hash: md5
      md5: 3ae82523352e47e2401e27a19af2e63d
      size: 32646
    - path: models/model.pkl
      hash: md5
      md5: 7080e7f541ebf03f32e14b8c1bcee7b1
      size: 1492
    - path: validate.py
      hash: md5
      md5: 99cd53496c06cbff942a20d4024b089a
      size: 931
    outs:
    - path: metrics/confusion_matrix.png
      hash: md5
      md5: eef15f1c77607998e4aa5fd64084756f
      size: 17245
    - path: metrics/metrics.json
      hash: md5
      md5: 9a0379eaa11dd7b9e9995a62a5f21656
      size: 17
